{
  "requires": true,
  "lockfileVersion": 1,
  "dependencies": {
    "lodash": {
      "version": "4.17.15",
      "resolved": "https://registry.npmjs.org/lodash/-/lodash-4.17.15.tgz",
      "integrity": "sha512-8xOcRHvCjnocdS5cpwXQXVzmmh5e5+saE2QGoeQmbKmRS6J3VQppPOIt0MnmE+4xlZoumy0GPG0D0MVIQbNA1A=="
    },
    "serverless-cf-vars": {
      "version": "0.3.2",
      "resolved": "https://registry.npmjs.org/serverless-cf-vars/-/serverless-cf-vars-0.3.2.tgz",
      "integrity": "sha512-OslYiHwxdEvNdmwd1CCD0cpm6CuK2e6MVpulL59pnrJL6HlScD8x93yP9G+SwP6QUTdZSNM71VsnaDQrCoJLWg==",
      "requires": {
        "lodash": "4.17.15"
      }
    },
    "uuid": {
      "version": "3.3.3",
      "resolved": "https://registry.npmjs.org/uuid/-/uuid-3.3.3.tgz",
      "integrity": "sha512-pW0No1RGHgzlpHJO1nsVrHKpOEIxkGg1xB+v0ZmdNH5OAeAwzAVrCnI2/6Mtx+Uys6iaylxa+D3g4j63IKKjSQ=="
    }
  }
}
